
Microsoft Visual Studio Solution File, Format Version 12.00
# Visual Studio Version 16
VisualStudioVersion = 16.0.30611.23
MinimumVisualStudioVersion = 10.0.40219.1
Project("{8BC9CEB8-8B4A-11D0-8D11-00A0C91BC942}") = "AviaManager v1.0", "AviaManager v1.0\AviaManager v1.0.vcxproj", "{4430D881-5F9E-4770-B428-75055E556356}"
EndProject
Global
	GlobalSection(SolutionConfigurationPlatforms) = preSolution
		Debug|x64 = Debug|x64
		Debug|x86 = Debug|x86
		Release|x64 = Release|x64
		Release|x86 = Release|x86
	EndGlobalSection
	GlobalSection(ProjectConfigurationPlatforms) = postSolution
		{4430D881-5F9E-4770-B428-75055E556356}.Debug|x64.ActiveCfg = Debug|x64
		{4430D881-5F9E-4770-B428-75055E556356}.Debug|x64.Build.0 = Debug|x64
		{4430D881-5F9E-4770-B428-75055E556356}.Debug|x86.ActiveCfg = Debug|Win32
		{4430D881-5F9E-4770-B428-75055E556356}.Debug|x86.Build.0 = Debug|Win32
		{4430D881-5F9E-4770-B428-75055E556356}.Release|x64.ActiveCfg = Release|x64
		{4430D881-5F9E-4770-B428-75055E556356}.Release|x64.Build.0 = Release|x64
		{4430D881-5F9E-4770-B428-75055E556356}.Release|x86.ActiveCfg = Release|Win32
		{4430D881-5F9E-4770-B428-75055E556356}.Release|x86.Build.0 = Release|Win32
	EndGlobalSection
	GlobalSection(SolutionProperties) = preSolution
		HideSolutionNode = FALSE
	EndGlobalSection
	GlobalSection(ExtensibilityGlobals) = postSolution
		SolutionGuid = {FE3C817F-4251-4D9C-B3D5-45A4E7C23499}
	EndGlobalSection
EndGlobal
